// !$*UTF8*$!
{
	archiveVersion = 1;
	classes = {
	};
	objectVersion = 55;
	objects = {

/* Begin PBXBuildFile section */
		7E09585727D2A7760049D7B7 /* AppDelegate.swift in Sources */ = {isa = PBXBuildFile; fileRef = 7E09585627D2A7760049D7B7 /* AppDelegate.swift */; };
		7E09585927D2A7760049D7B7 /* SceneDelegate.swift in Sources */ = {isa = PBXBuildFile; fileRef = 7E09585827D2A7760049D7B7 /* SceneDelegate.swift */; };
		7E09585E27D2A7760049D7B7 /* Main.storyboard in Resources */ = {isa = PBXBuildFile; fileRef = 7E09585C27D2A7760049D7B7 /* Main.storyboard */; };
		7E09586027D2A7770049D7B7 /* Assets.xcassets in Resources */ = {isa = PBXBuildFile; fileRef = 7E09585F27D2A7770049D7B7 /* Assets.xcassets */; };
		7E09586327D2A7770049D7B7 /* LaunchScreen.storyboard in Resources */ = {isa = PBXBuildFile; fileRef = 7E09586127D2A7770049D7B7 /* LaunchScreen.storyboard */; };
		7E09586B27D2A7E30049D7B7 /* StopsModel.swift in Sources */ = {isa = PBXBuildFile; fileRef = 7E09586A27D2A7E30049D7B7 /* StopsModel.swift */; };
		7E09586D27D2ACBE0049D7B7 /* NetworkManager.swift in Sources */ = {isa = PBXBuildFile; fileRef = 7E09586C27D2ACBE0049D7B7 /* NetworkManager.swift */; };
		7E17081B2805966700BBB998 /* MainPresenter.swift in Sources */ = {isa = PBXBuildFile; fileRef = 7E17081A2805966700BBB998 /* MainPresenter.swift */; };
		7E17081D2805973800BBB998 /* MainVC.swift in Sources */ = {isa = PBXBuildFile; fileRef = 7E17081C2805973800BBB998 /* MainVC.swift */; };
		7E17081F2805988100BBB998 /* AlertManager.swift in Sources */ = {isa = PBXBuildFile; fileRef = 7E17081E2805988100BBB998 /* AlertManager.swift */; };
		7E1708212805990800BBB998 /* Assembler.swift in Sources */ = {isa = PBXBuildFile; fileRef = 7E1708202805990800BBB998 /* Assembler.swift */; };
		7E1708242805A78700BBB998 /* DetailPresenter.swift in Sources */ = {isa = PBXBuildFile; fileRef = 7E1708232805A78700BBB998 /* DetailPresenter.swift */; };
		7E1708262805A79300BBB998 /* DetailVC.swift in Sources */ = {isa = PBXBuildFile; fileRef = 7E1708252805A79300BBB998 /* DetailVC.swift */; };
		7E1708292805A7CC00BBB998 /* FloatingPanelPresenter.swift in Sources */ = {isa = PBXBuildFile; fileRef = 7E1708282805A7CC00BBB998 /* FloatingPanelPresenter.swift */; };
		7E17082B2805A7DC00BBB998 /* FloatingPanelVC.swift in Sources */ = {isa = PBXBuildFile; fileRef = 7E17082A2805A7DC00BBB998 /* FloatingPanelVC.swift */; };
		7E17082E2806038A00BBB998 /* UIFont+Size.swift in Sources */ = {isa = PBXBuildFile; fileRef = 7E17082D2806038A00BBB998 /* UIFont+Size.swift */; };
		7E170830280604ED00BBB998 /* Constants.swift in Sources */ = {isa = PBXBuildFile; fileRef = 7E17082F280604ED00BBB998 /* Constants.swift */; };
		7E4A6005CF8C096754912AA1 /* libPods-TransportStops.a in Frameworks */ = {isa = PBXBuildFile; fileRef = 805E477E2C818EA8EF280F23 /* libPods-TransportStops.a */; };
/* End PBXBuildFile section */

/* Begin PBXFileReference section */
		6802727952B28E3BFF2B76D9 /* Pods-TransportStops.debug.xcconfig */ = {isa = PBXFileReference; includeInIndex = 1; lastKnownFileType = text.xcconfig; name = "Pods-TransportStops.debug.xcconfig"; path = "Target Support Files/Pods-TransportStops/Pods-TransportStops.debug.xcconfig"; sourceTree = "<group>"; };
		7E09585327D2A7760049D7B7 /* TransportStops.app */ = {isa = PBXFileReference; explicitFileType = wrapper.application; includeInIndex = 0; path = TransportStops.app; sourceTree = BUILT_PRODUCTS_DIR; };
		7E09585627D2A7760049D7B7 /* AppDelegate.swift */ = {isa = PBXFileReference; lastKnownFileType = sourcecode.swift; path = AppDelegate.swift; sourceTree = "<group>"; };
		7E09585827D2A7760049D7B7 /* SceneDelegate.swift */ = {isa = PBXFileReference; lastKnownFileType = sourcecode.swift; path = SceneDelegate.swift; sourceTree = "<group>"; };
		7E09585D27D2A7760049D7B7 /* Base */ = {isa = PBXFileReference; lastKnownFileType = file.storyboard; name = Base; path = Base.lproj/Main.storyboard; sourceTree = "<group>"; };
		7E09585F27D2A7770049D7B7 /* Assets.xcassets */ = {isa = PBXFileReference; lastKnownFileType = folder.assetcatalog; path = Assets.xcassets; sourceTree = "<group>"; };
		7E09586227D2A7770049D7B7 /* Base */ = {isa = PBXFileReference; lastKnownFileType = file.storyboard; name = Base; path = Base.lproj/LaunchScreen.storyboard; sourceTree = "<group>"; };
		7E09586427D2A7770049D7B7 /* Info.plist */ = {isa = PBXFileReference; lastKnownFileType = text.plist.xml; path = Info.plist; sourceTree = "<group>"; };
		7E09586A27D2A7E30049D7B7 /* StopsModel.swift */ = {isa = PBXFileReference; lastKnownFileType = sourcecode.swift; path = StopsModel.swift; sourceTree = "<group>"; };
		7E09586C27D2ACBE0049D7B7 /* NetworkManager.swift */ = {isa = PBXFileReference; lastKnownFileType = sourcecode.swift; path = NetworkManager.swift; sourceTree = "<group>"; };
		7E17081A2805966700BBB998 /* MainPresenter.swift */ = {isa = PBXFileReference; lastKnownFileType = sourcecode.swift; path = MainPresenter.swift; sourceTree = "<group>"; };
		7E17081C2805973800BBB998 /* MainVC.swift */ = {isa = PBXFileReference; lastKnownFileType = sourcecode.swift; path = MainVC.swift; sourceTree = "<group>"; };
		7E17081E2805988100BBB998 /* AlertManager.swift */ = {isa = PBXFileReference; lastKnownFileType = sourcecode.swift; path = AlertManager.swift; sourceTree = "<group>"; };
		7E1708202805990800BBB998 /* Assembler.swift */ = {isa = PBXFileReference; lastKnownFileType = sourcecode.swift; path = Assembler.swift; sourceTree = "<group>"; };
		7E1708232805A78700BBB998 /* DetailPresenter.swift */ = {isa = PBXFileReference; lastKnownFileType = sourcecode.swift; path = DetailPresenter.swift; sourceTree = "<group>"; };
		7E1708252805A79300BBB998 /* DetailVC.swift */ = {isa = PBXFileReference; lastKnownFileType = sourcecode.swift; path = DetailVC.swift; sourceTree = "<group>"; };
		7E1708282805A7CC00BBB998 /* FloatingPanelPresenter.swift */ = {isa = PBXFileReference; lastKnownFileType = sourcecode.swift; path = FloatingPanelPresenter.swift; sourceTree = "<group>"; };
		7E17082A2805A7DC00BBB998 /* FloatingPanelVC.swift */ = {isa = PBXFileReference; lastKnownFileType = sourcecode.swift; path = FloatingPanelVC.swift; sourceTree = "<group>"; };
		7E17082D2806038A00BBB998 /* UIFont+Size.swift */ = {isa = PBXFileReference; lastKnownFileType = sourcecode.swift; path = "UIFont+Size.swift"; sourceTree = "<group>"; };
		7E17082F280604ED00BBB998 /* Constants.swift */ = {isa = PBXFileReference; lastKnownFileType = sourcecode.swift; path = Constants.swift; sourceTree = "<group>"; };
		805E477E2C818EA8EF280F23 /* libPods-TransportStops.a */ = {isa = PBXFileReference; explicitFileType = archive.ar; includeInIndex = 0; path = "libPods-TransportStops.a"; sourceTree = BUILT_PRODUCTS_DIR; };
		ECA8658F965FC5011BB65647 /* Pods-TransportStops.release.xcconfig */ = {isa = PBXFileReference; includeInIndex = 1; lastKnownFileType = text.xcconfig; name = "Pods-TransportStops.release.xcconfig"; path = "Target Support Files/Pods-TransportStops/Pods-TransportStops.release.xcconfig"; sourceTree = "<group>"; };
/* End PBXFileReference section */

/* Begin PBXFrameworksBuildPhase section */
		7E09585027D2A7760049D7B7 /* Frameworks */ = {
			isa = PBXFrameworksBuildPhase;
			buildActionMask = 2147483647;
			files = (
				7E4A6005CF8C096754912AA1 /* libPods-TransportStops.a in Frameworks */,
			);
			runOnlyForDeploymentPostprocessing = 0;
		};
/* End PBXFrameworksBuildPhase section */

/* Begin PBXGroup section */
		5A9C9A313595822DFA098540 /* Frameworks */ = {
			isa = PBXGroup;
			children = (
				805E477E2C818EA8EF280F23 /* libPods-TransportStops.a */,
			);
			name = Frameworks;
			sourceTree = "<group>";
		};
		77231B3E2B66AF6FBC275E4D /* Pods */ = {
			isa = PBXGroup;
			children = (
				6802727952B28E3BFF2B76D9 /* Pods-TransportStops.debug.xcconfig */,
				ECA8658F965FC5011BB65647 /* Pods-TransportStops.release.xcconfig */,
			);
			path = Pods;
			sourceTree = "<group>";
		};
		7E09584A27D2A7760049D7B7 = {
			isa = PBXGroup;
			children = (
				7E09585527D2A7760049D7B7 /* TransportStops */,
				7E09585427D2A7760049D7B7 /* Products */,
				77231B3E2B66AF6FBC275E4D /* Pods */,
				5A9C9A313595822DFA098540 /* Frameworks */,
			);
			sourceTree = "<group>";
		};
		7E09585427D2A7760049D7B7 /* Products */ = {
			isa = PBXGroup;
			children = (
				7E09585327D2A7760049D7B7 /* TransportStops.app */,
			);
			name = Products;
			sourceTree = "<group>";
		};
		7E09585527D2A7760049D7B7 /* TransportStops */ = {
			isa = PBXGroup;
			children = (
				7E09585627D2A7760049D7B7 /* AppDelegate.swift */,
				7E09585827D2A7760049D7B7 /* SceneDelegate.swift */,
				7E1708202805990800BBB998 /* Assembler.swift */,
				7E17082C2806037100BBB998 /* Extensions */,
				7E170817280595CC00BBB998 /* Model */,
				7E1708192805963A00BBB998 /* MainModule */,
				7E1708222805A61D00BBB998 /* DetailModule */,
				7E1708182805962C00BBB998 /* Services */,
				7E09585C27D2A7760049D7B7 /* Main.storyboard */,
				7E09585F27D2A7770049D7B7 /* Assets.xcassets */,
				7E09586127D2A7770049D7B7 /* LaunchScreen.storyboard */,
				7E09586427D2A7770049D7B7 /* Info.plist */,
			);
			path = TransportStops;
			sourceTree = "<group>";
		};
		7E170817280595CC00BBB998 /* Model */ = {
			isa = PBXGroup;
			children = (
				7E09586A27D2A7E30049D7B7 /* StopsModel.swift */,
			);
			path = Model;
			sourceTree = "<group>";
		};
		7E1708182805962C00BBB998 /* Services */ = {
			isa = PBXGroup;
			children = (
				7E09586C27D2ACBE0049D7B7 /* NetworkManager.swift */,
				7E17081E2805988100BBB998 /* AlertManager.swift */,
			);
			path = Services;
			sourceTree = "<group>";
		};
		7E1708192805963A00BBB998 /* MainModule */ = {
			isa = PBXGroup;
			children = (
				7E17081A2805966700BBB998 /* MainPresenter.swift */,
				7E17081C2805973800BBB998 /* MainVC.swift */,
			);
			path = MainModule;
			sourceTree = "<group>";
		};
		7E1708222805A61D00BBB998 /* DetailModule */ = {
			isa = PBXGroup;
			children = (
				7E1708232805A78700BBB998 /* DetailPresenter.swift */,
				7E1708252805A79300BBB998 /* DetailVC.swift */,
				7E1708272805A79900BBB998 /* FloatingPanel */,
			);
			path = DetailModule;
			sourceTree = "<group>";
		};
		7E1708272805A79900BBB998 /* FloatingPanel */ = {
			isa = PBXGroup;
			children = (
				7E1708282805A7CC00BBB998 /* FloatingPanelPresenter.swift */,
				7E17082A2805A7DC00BBB998 /* FloatingPanelVC.swift */,
			);
			path = FloatingPanel;
			sourceTree = "<group>";
		};
		7E17082C2806037100BBB998 /* Extensions */ = {
			isa = PBXGroup;
			children = (
				7E17082D2806038A00BBB998 /* UIFont+Size.swift */,
				7E17082F280604ED00BBB998 /* Constants.swift */,
			);
			path = Extensions;
			sourceTree = "<group>";
		};
/* End PBXGroup section */

/* Begin PBXNativeTarget section */
		7E09585227D2A7760049D7B7 /* TransportStops */ = {
			isa = PBXNativeTarget;
			buildConfigurationList = 7E09586727D2A7770049D7B7 /* Build configuration list for PBXNativeTarget "TransportStops" */;
			buildPhases = (
				662B36FEC620D9BB66ABEE45 /* [CP] Check Pods Manifest.lock */,
				7E09584F27D2A7760049D7B7 /* Sources */,
				7E09585027D2A7760049D7B7 /* Frameworks */,
				7E09585127D2A7760049D7B7 /* Resources */,
			);
			buildRules = (
			);
			dependencies = (
			);
			name = TransportStops;
			productName = TransportStops;
			productReference = 7E09585327D2A7760049D7B7 /* TransportStops.app */;
			productType = "com.apple.product-type.application";
		};
/* End PBXNativeTarget section */

/* Begin PBXProject section */
		7E09584B27D2A7760049D7B7 /* Project object */ = {
			isa = PBXProject;
			attributes = {
				BuildIndependentTargetsInParallel = 1;
				LastSwiftUpdateCheck = 1320;
				LastUpgradeCheck = 1320;
				TargetAttributes = {
					7E09585227D2A7760049D7B7 = {
						CreatedOnToolsVersion = 13.2.1;
					};
				};
			};
			buildConfigurationList = 7E09584E27D2A7760049D7B7 /* Build configuration list for PBXProject "TransportStops" */;
			compatibilityVersion = "Xcode 13.0";
			developmentRegion = en;
			hasScannedForEncodings = 0;
			knownRegions = (
				en,
				Base,
			);
			mainGroup = 7E09584A27D2A7760049D7B7;
			productRefGroup = 7E09585427D2A7760049D7B7 /* Products */;
			projectDirPath = "";
			projectRoot = "";
			targets = (
				7E09585227D2A7760049D7B7 /* TransportStops */,
			);
		};
/* End PBXProject section */

/* Begin PBXResourcesBuildPhase section */
		7E09585127D2A7760049D7B7 /* Resources */ = {
			isa = PBXResourcesBuildPhase;
			buildActionMask = 2147483647;
			files = (
				7E09586327D2A7770049D7B7 /* LaunchScreen.storyboard in Resources */,
				7E09586027D2A7770049D7B7 /* Assets.xcassets in Resources */,
				7E09585E27D2A7760049D7B7 /* Main.storyboard in Resources */,
			);
			runOnlyForDeploymentPostprocessing = 0;
		};
/* End PBXResourcesBuildPhase section */

/* Begin PBXShellScriptBuildPhase section */
		662B36FEC620D9BB66ABEE45 /* [CP] Check Pods Manifest.lock */ = {
			isa = PBXShellScriptBuildPhase;
			buildActionMask = 2147483647;
			files = (
			);
			inputFileListPaths = (
			);
			inputPaths = (
				"${PODS_PODFILE_DIR_PATH}/Podfile.lock",
				"${PODS_ROOT}/Manifest.lock",
			);
			name = "[CP] Check Pods Manifest.lock";
			outputFileListPaths = (
			);
			outputPaths = (
				"$(DERIVED_FILE_DIR)/Pods-TransportStops-checkManifestLockResult.txt",
			);
			runOnlyForDeploymentPostprocessing = 0;
			shellPath = /bin/sh;
			shellScript = "diff \"${PODS_PODFILE_DIR_PATH}/Podfile.lock\" \"${PODS_ROOT}/Manifest.lock\" > /dev/null\nif [ $? != 0 ] ; then\n    # print error to STDERR\n    echo \"error: The sandbox is not in sync with the Podfile.lock. Run 'pod install' or update your CocoaPods installation.\" >&2\n    exit 1\nfi\n# This output is used by Xcode 'outputs' to avoid re-running this script phase.\necho \"SUCCESS\" > \"${SCRIPT_OUTPUT_FILE_0}\"\n";
			showEnvVarsInLog = 0;
		};
/* End PBXShellScriptBuildPhase section */

/* Begin PBXSourcesBuildPhase section */
		7E09584F27D2A7760049D7B7 /* Sources */ = {
			isa = PBXSourcesBuildPhase;
			buildActionMask = 2147483647;
			files = (
				7E1708292805A7CC00BBB998 /* FloatingPanelPresenter.swift in Sources */,
				7E17082E2806038A00BBB998 /* UIFont+Size.swift in Sources */,
				7E17082B2805A7DC00BBB998 /* FloatingPanelVC.swift in Sources */,
				7E17081B2805966700BBB998 /* MainPresenter.swift in Sources */,
				7E17081D2805973800BBB998 /* MainVC.swift in Sources */,
				7E1708242805A78700BBB998 /* DetailPresenter.swift in Sources */,
				7E09586B27D2A7E30049D7B7 /* StopsModel.swift in Sources */,
				7E09586D27D2ACBE0049D7B7 /* NetworkManager.swift in Sources */,
				7E1708262805A79300BBB998 /* DetailVC.swift in Sources */,
				7E09585727D2A7760049D7B7 /* AppDelegate.swift in Sources */,
				7E17081F2805988100BBB998 /* AlertManager.swift in Sources */,
				7E170830280604ED00BBB998 /* Constants.swift in Sources */,
				7E1708212805990800BBB998 /* Assembler.swift in Sources */,
				7E09585927D2A7760049D7B7 /* SceneDelegate.swift in Sources */,
			);
			runOnlyForDeploymentPostprocessing = 0;
		};
/* End PBXSourcesBuildPhase section */

/* Begin PBXVariantGroup section */
		7E09585C27D2A7760049D7B7 /* Main.storyboard */ = {
			isa = PBXVariantGroup;
			children = (
				7E09585D27D2A7760049D7B7 /* Base */,
			);
			name = Main.storyboard;
			sourceTree = "<group>";
		};
		7E09586127D2A7770049D7B7 /* LaunchScreen.storyboard */ = {
			isa = PBXVariantGroup;
			children = (
				7E09586227D2A7770049D7B7 /* Base */,
			);
			name = LaunchScreen.storyboard;
			sourceTree = "<group>";
		};
/* End PBXVariantGroup section */

/* Begin XCBuildConfiguration section */
		7E09586527D2A7770049D7B7 /* Debug */ = {
			isa = XCBuildConfiguration;
			buildSettings = {
				ALWAYS_SEARCH_USER_PATHS = NO;
				CLANG_ANALYZER_NONNULL = YES;
				CLANG_ANALYZER_NUMBER_OBJECT_CONVERSION = YES_AGGRESSIVE;
				CLANG_CXX_LANGUAGE_STANDARD = "gnu++17";
				CLANG_CXX_LIBRARY = "libc++";
				CLANG_ENABLE_MODULES = YES;
				CLANG_ENABLE_OBJC_ARC = YES;
				CLANG_ENABLE_OBJC_WEAK = YES;
				CLANG_WARN_BLOCK_CAPTURE_AUTORELEASING = YES;
				CLANG_WARN_BOOL_CONVERSION = YES;
				CLANG_WARN_COMMA = YES;
				CLANG_WARN_CONSTANT_CONVERSION = YES;
				CLANG_WARN_DEPRECATED_OBJC_IMPLEMENTATIONS = YES;
				CLANG_WARN_DIRECT_OBJC_ISA_USAGE = YES_ERROR;
				CLANG_WARN_DOCUMENTATION_COMMENTS = YES;
				CLANG_WARN_EMPTY_BODY = YES;
				CLANG_WARN_ENUM_CONVERSION = YES;
				CLANG_WARN_INFINITE_RECURSION = YES;
				CLANG_WARN_INT_CONVERSION = YES;
				CLANG_WARN_NON_LITERAL_NULL_CONVERSION = YES;
				CLANG_WARN_OBJC_IMPLICIT_RETAIN_SELF = YES;
				CLANG_WARN_OBJC_LITERAL_CONVERSION = YES;
				CLANG_WARN_OBJC_ROOT_CLASS = YES_ERROR;
				CLANG_WARN_QUOTED_INCLUDE_IN_FRAMEWORK_HEADER = YES;
				CLANG_WARN_RANGE_LOOP_ANALYSIS = YES;
				CLANG_WARN_STRICT_PROTOTYPES = YES;
				CLANG_WARN_SUSPICIOUS_MOVE = YES;
				CLANG_WARN_UNGUARDED_AVAILABILITY = YES_AGGRESSIVE;
				CLANG_WARN_UNREACHABLE_CODE = YES;
				CLANG_WARN__DUPLICATE_METHOD_MATCH = YES;
				COPY_PHASE_STRIP = NO;
				DEBUG_INFORMATION_FORMAT = dwarf;
				ENABLE_STRICT_OBJC_MSGSEND = YES;
				ENABLE_TESTABILITY = YES;
				GCC_C_LANGUAGE_STANDARD = gnu11;
				GCC_DYNAMIC_NO_PIC = NO;
				GCC_NO_COMMON_BLOCKS = YES;
				GCC_OPTIMIZATION_LEVEL = 0;
				GCC_PREPROCESSOR_DEFINITIONS = (
					"DEBUG=1",
					"$(inherited)",
				);
				GCC_WARN_64_TO_32_BIT_CONVERSION = YES;
				GCC_WARN_ABOUT_RETURN_TYPE = YES_ERROR;
				GCC_WARN_UNDECLARED_SELECTOR = YES;
				GCC_WARN_UNINITIALIZED_AUTOS = YES_AGGRESSIVE;
				GCC_WARN_UNUSED_FUNCTION = YES;
				GCC_WARN_UNUSED_VARIABLE = YES;
				IPHONEOS_DEPLOYMENT_TARGET = 15.2;
				MTL_ENABLE_DEBUG_INFO = INCLUDE_SOURCE;
				MTL_FAST_MATH = YES;
				ONLY_ACTIVE_ARCH = YES;
				SDKROOT = iphoneos;
				SWIFT_ACTIVE_COMPILATION_CONDITIONS = DEBUG;
				SWIFT_OPTIMIZATION_LEVEL = "-Onone";
			};
			name = Debug;
		};
		7E09586627D2A7770049D7B7 /* Release */ = {
			isa = XCBuildConfiguration;
			buildSettings = {
				ALWAYS_SEARCH_USER_PATHS = NO;
				CLANG_ANALYZER_NONNULL = YES;
				CLANG_ANALYZER_NUMBER_OBJECT_CONVERSION = YES_AGGRESSIVE;
				CLANG_CXX_LANGUAGE_STANDARD = "gnu++17";
				CLANG_CXX_LIBRARY = "libc++";
				CLANG_ENABLE_MODULES = YES;
				CLANG_ENABLE_OBJC_ARC = YES;
				CLANG_ENABLE_OBJC_WEAK = YES;
				CLANG_WARN_BLOCK_CAPTURE_AUTORELEASING = YES;
				CLANG_WARN_BOOL_CONVERSION = YES;
				CLANG_WARN_COMMA = YES;
				CLANG_WARN_CONSTANT_CONVERSION = YES;
				CLANG_WARN_DEPRECATED_OBJC_IMPLEMENTATIONS = YES;
				CLANG_WARN_DIRECT_OBJC_ISA_USAGE = YES_ERROR;
				CLANG_WARN_DOCUMENTATION_COMMENTS = YES;
				CLANG_WARN_EMPTY_BODY = YES;
				CLANG_WARN_ENUM_CONVERSION = YES;
				CLANG_WARN_INFINITE_RECURSION = YES;
				CLANG_WARN_INT_CONVERSION = YES;
				CLANG_WARN_NON_LITERAL_NULL_CONVERSION = YES;
				CLANG_WARN_OBJC_IMPLICIT_RETAIN_SELF = YES;
				CLANG_WARN_OBJC_LITERAL_CONVERSION = YES;
				CLANG_WARN_OBJC_ROOT_CLASS = YES_ERROR;
				CLANG_WARN_QUOTED_INCLUDE_IN_FRAMEWORK_HEADER = YES;
				CLANG_WARN_RANGE_LOOP_ANALYSIS = YES;
				CLANG_WARN_STRICT_PROTOTYPES = YES;
				CLANG_WARN_SUSPICIOUS_MOVE = YES;
				CLANG_WARN_UNGUARDED_AVAILABILITY = YES_AGGRESSIVE;
				CLANG_WARN_UNREACHABLE_CODE = YES;
				CLANG_WARN__DUPLICATE_METHOD_MATCH = YES;
				COPY_PHASE_STRIP = NO;
				DEBUG_INFORMATION_FORMAT = "dwarf-with-dsym";
				ENABLE_NS_ASSERTIONS = NO;
				ENABLE_STRICT_OBJC_MSGSEND = YES;
				GCC_C_LANGUAGE_STANDARD = gnu11;
				GCC_NO_COMMON_BLOCKS = YES;
				GCC_WARN_64_TO_32_BIT_CONVERSION = YES;
				GCC_WARN_ABOUT_RETURN_TYPE = YES_ERROR;
				GCC_WARN_UNDECLARED_SELECTOR = YES;
				GCC_WARN_UNINITIALIZED_AUTOS = YES_AGGRESSIVE;
				GCC_WARN_UNUSED_FUNCTION = YES;
				GCC_WARN_UNUSED_VARIABLE = YES;
				IPHONEOS_DEPLOYMENT_TARGET = 15.2;
				MTL_ENABLE_DEBUG_INFO = NO;
				MTL_FAST_MATH = YES;
				SDKROOT = iphoneos;
				SWIFT_COMPILATION_MODE = wholemodule;
				SWIFT_OPTIMIZATION_LEVEL = "-O";
				VALIDATE_PRODUCT = YES;
			};
			name = Release;
		};
		7E09586827D2A7770049D7B7 /* Debug */ = {
			isa = XCBuildConfiguration;
			baseConfigurationReference = 6802727952B28E3BFF2B76D9 /* Pods-TransportStops.debug.xcconfig */;
			buildSettings = {
				ASSETCATALOG_COMPILER_APPICON_NAME = AppIcon;
				ASSETCATALOG_COMPILER_GLOBAL_ACCENT_COLOR_NAME = AccentColor;
				CODE_SIGN_STYLE = Automatic;
				CURRENT_PROJECT_VERSION = 1;
				DEVELOPMENT_TEAM = 28QY9NT6W3;
				GENERATE_INFOPLIST_FILE = YES;
				INFOPLIST_FILE = TransportStops/Info.plist;
				INFOPLIST_KEY_UIApplicationSupportsIndirectInputEvents = YES;
				INFOPLIST_KEY_UILaunchStoryboardName = LaunchScreen;
				INFOPLIST_KEY_UIMainStoryboardFile = Main;
				INFOPLIST_KEY_UISupportedInterfaceOrientations_iPad = "UIInterfaceOrientationPortrait UIInterfaceOrientationPortraitUpsideDown UIInterfaceOrientationLandscapeLeft UIInterfaceOrientationLandscapeRight";
				INFOPLIST_KEY_UISupportedInterfaceOrientations_iPhone = "UIInterfaceOrientationPortrait UIInterfaceOrientationLandscapeLeft UIInterfaceOrientationLandscapeRight";
				LD_RUNPATH_SEARCH_PATHS = (
					"$(inherited)",
					"@executable_path/Frameworks",
				);
				MARKETING_VERSION = 1.0;
				PRODUCT_BUNDLE_IDENTIFIER = com.DmitryPavlov.TransportStops;
				PRODUCT_NAME = "$(TARGET_NAME)";
				SWIFT_EMIT_LOC_STRINGS = YES;
				SWIFT_VERSION = 5.0;
				TARGETED_DEVICE_FAMILY = "1,2";
			};
			name = Debug;
		};
		7E09586927D2A7770049D7B7 /* Release */ = {
			isa = XCBuildConfiguration;
			baseConfigurationReference = ECA8658F965FC5011BB65647 /* Pods-TransportStops.release.xcconfig */;
			buildSettings = {
				ASSETCATALOG_COMPILER_APPICON_NAME = AppIcon;
				ASSETCATALOG_COMPILER_GLOBAL_ACCENT_COLOR_NAME = AccentColor;
				CODE_SIGN_STYLE = Automatic;
				CURRENT_PROJECT_VERSION = 1;
				DEVELOPMENT_TEAM = 28QY9NT6W3;
				GENERATE_INFOPLIST_FILE = YES;
				INFOPLIST_FILE = TransportStops/Info.plist;
				INFOPLIST_KEY_UIApplicationSupportsIndirectInputEvents = YES;
				INFOPLIST_KEY_UILaunchStoryboardName = LaunchScreen;
				INFOPLIST_KEY_UIMainStoryboardFile = Main;
				INFOPLIST_KEY_UISupportedInterfaceOrientations_iPad = "UIInterfaceOrientationPortrait UIInterfaceOrientationPortraitUpsideDown UIInterfaceOrientationLandscapeLeft UIInterfaceOrientationLandscapeRight";
				INFOPLIST_KEY_UISupportedInterfaceOrientations_iPhone = "UIInterfaceOrientationPortrait UIInterfaceOrientationLandscapeLeft UIInterfaceOrientationLandscapeRight";
				LD_RUNPATH_SEARCH_PATHS = (
					"$(inherited)",
					"@executable_path/Frameworks",
				);
				MARKETING_VERSION = 1.0;
				PRODUCT_BUNDLE_IDENTIFIER = com.DmitryPavlov.TransportStops;
				PRODUCT_NAME = "$(TARGET_NAME)";
				SWIFT_EMIT_LOC_STRINGS = YES;
				SWIFT_VERSION = 5.0;
				TARGETED_DEVICE_FAMILY = "1,2";
			};
			name = Release;
		};
/* End XCBuildConfiguration section */

/* Begin XCConfigurationList section */
		7E09584E27D2A7760049D7B7 /* Build configuration list for PBXProject "TransportStops" */ = {
			isa = XCConfigurationList;
			buildConfigurations = (
				7E09586527D2A7770049D7B7 /* Debug */,
				7E09586627D2A7770049D7B7 /* Release */,
			);
			defaultConfigurationIsVisible = 0;
			defaultConfigurationName = Release;
		};
		7E09586727D2A7770049D7B7 /* Build configuration list for PBXNativeTarget "TransportStops" */ = {
			isa = XCConfigurationList;
			buildConfigurations = (
				7E09586827D2A7770049D7B7 /* Debug */,
				7E09586927D2A7770049D7B7 /* Release */,
			);
			defaultConfigurationIsVisible = 0;
			defaultConfigurationName = Release;
		};
/* End XCConfigurationList section */
	};
	rootObject = 7E09584B27D2A7760049D7B7 /* Project object */;
}
